
Microsoft Visual Studio Solution File, Format Version 12.00
# Visual Studio Version 16
VisualStudioVersion = 16.0.29920.165
MinimumVisualStudioVersion = 10.0.40219.1
Project("{FAE04EC0-301F-11D3-BF4B-00C04F79EFBC}") = "Reservation_H", "Reservation_H\Reservation_H.csproj", "{150BED11-1D95-497A-961C-A92162B8204F}"
EndProject
Global
	GlobalSection(SolutionConfigurationPlatforms) = preSolution
		Debug|Any CPU = Debug|Any CPU
		Release|Any CPU = Release|Any CPU
	EndGlobalSection
	GlobalSection(ProjectConfigurationPlatforms) = postSolution
		{150BED11-1D95-497A-961C-A92162B8204F}.Debug|Any CPU.ActiveCfg = Debug|Any CPU
		{150BED11-1D95-497A-961C-A92162B8204F}.Debug|Any CPU.Build.0 = Debug|Any CPU
		{150BED11-1D95-497A-961C-A92162B8204F}.Release|Any CPU.ActiveCfg = Release|Any CPU
		{150BED11-1D95-497A-961C-A92162B8204F}.Release|Any CPU.Build.0 = Release|Any CPU
	EndGlobalSection
	GlobalSection(SolutionProperties) = preSolution
		HideSolutionNode = FALSE
	EndGlobalSection
	GlobalSection(ExtensibilityGlobals) = postSolution
		SolutionGuid = {24C0986F-4CA7-4A04-A4DC-A7D7CBB28380}
	EndGlobalSection
EndGlobal
